
Microsoft Visual Studio Solution File, Format Version 12.00
Project("{FAE04EC0-301F-11D3-BF4B-00C04F79EFBC}") = "MappyApplication", "MappyApplication\MappyApplication.csproj", "{3B6F5219-5EC3-445E-8AC1-62B1945D10DB}"
EndProject
Global
	GlobalSection(SolutionConfigurationPlatforms) = preSolution
		Debug|Any CPU = Debug|Any CPU
		Release|Any CPU = Release|Any CPU
	EndGlobalSection
	GlobalSection(ProjectConfigurationPlatforms) = postSolution
		{3B6F5219-5EC3-445E-8AC1-62B1945D10DB}.Debug|Any CPU.ActiveCfg = Debug|Any CPU
		{3B6F5219-5EC3-445E-8AC1-62B1945D10DB}.Debug|Any CPU.Build.0 = Debug|Any CPU
		{3B6F5219-5EC3-445E-8AC1-62B1945D10DB}.Release|Any CPU.ActiveCfg = Release|Any CPU
		{3B6F5219-5EC3-445E-8AC1-62B1945D10DB}.Release|Any CPU.Build.0 = Release|Any CPU
	EndGlobalSection
EndGlobal
